
Microsoft Visual Studio Solution File, Format Version 12.00
# Visual Studio Version 17
VisualStudioVersion = 17.13.35825.156
MinimumVisualStudioVersion = 10.0.40219.1
Project("{FAE04EC0-301F-11D3-BF4B-00C04F79EFBC}") = "StudentHousingAccomodation.Domain", "StudentHousingAccomodation.Domain\StudentHousingAccomodation.Domain.csproj", "{E83BDAB6-ABD5-4C64-BBD0-B0C58F03B4F9}"
EndProject
Project("{FAE04EC0-301F-11D3-BF4B-00C04F79EFBC}") = "StudentHousingAccomodation.Application", "StudentHousingAccomodation.Application\StudentHousingAccomodation.Application.csproj", "{29B8A657-7053-477A-8BEE-B0AB6FEE8BAB}"
EndProject
Project("{FAE04EC0-301F-11D3-BF4B-00C04F79EFBC}") = "StudentHousingAccomodation.Data", "StudentHousingAccomodation.Data\StudentHousingAccomodation.Data.csproj", "{F581F5F9-319F-41AB-BF14-F5A6DC3C6862}"
EndProject
Project("{FAE04EC0-301F-11D3-BF4B-00C04F79EFBC}") = "StudentHousingAccomodation.Infrastructure", "StudentHousingAccomodation.Infrastructure\StudentHousingAccomodation.Infrastructure.csproj", "{9AE3E087-FFEF-4C35-80A4-E8A4F891529F}"
EndProject
Project("{FAE04EC0-301F-11D3-BF4B-00C04F79EFBC}") = "StudentHousingAccomodation.API", "StudentHousingAccomodation.API\StudentHousingAccomodation.API.csproj", "{8A35552E-F783-4506-A5E7-6E05D014DAEA}"
EndProject
Global
	GlobalSection(SolutionConfigurationPlatforms) = preSolution
		Debug|Any CPU = Debug|Any CPU
		Release|Any CPU = Release|Any CPU
	EndGlobalSection
	GlobalSection(ProjectConfigurationPlatforms) = postSolution
		{E83BDAB6-ABD5-4C64-BBD0-B0C58F03B4F9}.Debug|Any CPU.ActiveCfg = Debug|Any CPU
		{E83BDAB6-ABD5-4C64-BBD0-B0C58F03B4F9}.Debug|Any CPU.Build.0 = Debug|Any CPU
		{E83BDAB6-ABD5-4C64-BBD0-B0C58F03B4F9}.Release|Any CPU.ActiveCfg = Release|Any CPU
		{E83BDAB6-ABD5-4C64-BBD0-B0C58F03B4F9}.Release|Any CPU.Build.0 = Release|Any CPU
		{29B8A657-7053-477A-8BEE-B0AB6FEE8BAB}.Debug|Any CPU.ActiveCfg = Debug|Any CPU
		{29B8A657-7053-477A-8BEE-B0AB6FEE8BAB}.Debug|Any CPU.Build.0 = Debug|Any CPU
		{29B8A657-7053-477A-8BEE-B0AB6FEE8BAB}.Release|Any CPU.ActiveCfg = Release|Any CPU
		{29B8A657-7053-477A-8BEE-B0AB6FEE8BAB}.Release|Any CPU.Build.0 = Release|Any CPU
		{F581F5F9-319F-41AB-BF14-F5A6DC3C6862}.Debug|Any CPU.ActiveCfg = Debug|Any CPU
		{F581F5F9-319F-41AB-BF14-F5A6DC3C6862}.Debug|Any CPU.Build.0 = Debug|Any CPU
		{F581F5F9-319F-41AB-BF14-F5A6DC3C6862}.Release|Any CPU.ActiveCfg = Release|Any CPU
		{F581F5F9-319F-41AB-BF14-F5A6DC3C6862}.Release|Any CPU.Build.0 = Release|Any CPU
		{9AE3E087-FFEF-4C35-80A4-E8A4F891529F}.Debug|Any CPU.ActiveCfg = Debug|Any CPU
		{9AE3E087-FFEF-4C35-80A4-E8A4F891529F}.Debug|Any CPU.Build.0 = Debug|Any CPU
		{9AE3E087-FFEF-4C35-80A4-E8A4F891529F}.Release|Any CPU.ActiveCfg = Release|Any CPU
		{9AE3E087-FFEF-4C35-80A4-E8A4F891529F}.Release|Any CPU.Build.0 = Release|Any CPU
		{8A35552E-F783-4506-A5E7-6E05D014DAEA}.Debug|Any CPU.ActiveCfg = Debug|Any CPU
		{8A35552E-F783-4506-A5E7-6E05D014DAEA}.Debug|Any CPU.Build.0 = Debug|Any CPU
		{8A35552E-F783-4506-A5E7-6E05D014DAEA}.Release|Any CPU.ActiveCfg = Release|Any CPU
		{8A35552E-F783-4506-A5E7-6E05D014DAEA}.Release|Any CPU.Build.0 = Release|Any CPU
	EndGlobalSection
	GlobalSection(SolutionProperties) = preSolution
		HideSolutionNode = FALSE
	EndGlobalSection
	GlobalSection(ExtensibilityGlobals) = postSolution
		SolutionGuid = {D30DBEFC-2B5A-47B4-A188-D6759E88110D}
	EndGlobalSection
EndGlobal
